{
  "version": 4,
  "terraform_version": "1.4.2",
  "serial": 3,
  "lineage": "9bd8e22d-be00-fb63-8297-fea68f17090e",
  "outputs": {},
  "resources": [
    {
      "mode": "managed",
      "type": "ibm_is_vpc",
      "name": "test1",
      "provider": "provider[\"registry.terraform.io/ibm-cloud/ibm\"]",
      "instances": [
        {
          "schema_version": 0,
          "attributes": {
            "access_tags": [],
            "address_prefix_management": "auto",
            "classic_access": false,
            "crn": "crn:v1:bluemix:public:is:eu-de:a/d763d2d29b8e4d848b83a2582b21ccba::vpc:r010-b48e59f8-575c-4abe-98ac-6d1502f98b8e",
            "cse_source_addresses": [
              {
                "address": "10.22.101.162",
                "zone_name": "eu-de-1"
              },
              {
                "address": "10.16.211.103",
                "zone_name": "eu-de-2"
              },
              {
                "address": "10.223.55.181",
                "zone_name": "eu-de-3"
              }
            ],
            "default_network_acl": "r010-d72316b4-b8fe-47ce-bd94-04de18b9fb00",
            "default_network_acl_crn": "crn:v1:bluemix:public:is:eu-de:a/d763d2d29b8e4d848b83a2582b21ccba::network-acl:r010-d72316b4-b8fe-47ce-bd94-04de18b9fb00",
            "default_network_acl_name": "plexiglas-pushiness-winter-tricking",
            "default_routing_table": "r010-06098837-b69a-4207-aa13-09c1a20d40e8",
            "default_routing_table_name": "rebate-trance-reclusive-stung",
            "default_security_group": "r010-d0f8dbf1-d24e-4671-b5bb-43819cd2dff7",
            "default_security_group_crn": "crn:v1:bluemix:public:is:eu-de:a/d763d2d29b8e4d848b83a2582b21ccba::security-group:r010-d0f8dbf1-d24e-4671-b5bb-43819cd2dff7",
            "default_security_group_name": "kick-flatworm-oxidation-crisping",
            "id": "r010-b48e59f8-575c-4abe-98ac-6d1502f98b8e",
            "name": "test1-vpc",
            "resource_controller_url": "https://cloud.ibm.com/vpc-ext/network/vpcs",
            "resource_crn": "crn:v1:bluemix:public:is:eu-de:a/d763d2d29b8e4d848b83a2582b21ccba::vpc:r010-b48e59f8-575c-4abe-98ac-6d1502f98b8e",
            "resource_group": "6a75796c30ae4015b846f993cb591000",
            "resource_group_name": "Default",
            "resource_name": "test1-vpc",
            "resource_status": "available",
            "security_group": [
              {
                "group_id": "r010-d0f8dbf1-d24e-4671-b5bb-43819cd2dff7",
                "group_name": "kick-flatworm-oxidation-crisping",
                "rules": [
                  {
                    "code": 0,
                    "direction": "outbound",
                    "ip_version": "ipv4",
                    "port_max": 0,
                    "port_min": 0,
                    "protocol": "all",
                    "remote": "0.0.0.0/0",
                    "rule_id": "r010-1756b5c1-f3b2-4671-afa3-9adc37af91b5",
                    "type": 0
                  },
                  {
                    "code": 0,
                    "direction": "inbound",
                    "ip_version": "ipv4",
                    "port_max": 0,
                    "port_min": 0,
                    "protocol": "all",
                    "remote": "r010-d0f8dbf1-d24e-4671-b5bb-43819cd2dff7",
                    "rule_id": "r010-ea6904c5-dd6f-46ef-8630-5d6ca34072c1",
                    "type": 0
                  }
                ]
              }
            ],
            "status": "available",
            "subnets": [],
            "tags": [],
            "timeouts": null
          },
          "sensitive_attributes": [],
          "private": "eyJlMmJmYjczMC1lY2FhLTExZTYtOGY4OC0zNDM2M2JjN2M0YzAiOnsiY3JlYXRlIjo2MDAwMDAwMDAwMDAsImRlbGV0ZSI6NjAwMDAwMDAwMDAwfX0="
        }
      ]
    }
  ],
  "check_results": null
}
